
Microsoft Visual Studio Solution File, Format Version 12.00
# Visual Studio Version 17
VisualStudioVersion = 17.5.33516.290
MinimumVisualStudioVersion = 10.0.40219.1
Project("{00D1A9C2-B5F0-4AF3-8072-F6C62B433612}") = "movie-rental", "movie-rental\movie-rental.sqlproj", "{60262D56-F743-473A-8277-DA9E9AECDCE2}"
EndProject
Global
	GlobalSection(SolutionConfigurationPlatforms) = preSolution
		Debug|Any CPU = Debug|Any CPU
		Release|Any CPU = Release|Any CPU
	EndGlobalSection
	GlobalSection(ProjectConfigurationPlatforms) = postSolution
		{60262D56-F743-473A-8277-DA9E9AECDCE2}.Debug|Any CPU.ActiveCfg = Debug|Any CPU
		{60262D56-F743-473A-8277-DA9E9AECDCE2}.Debug|Any CPU.Build.0 = Debug|Any CPU
		{60262D56-F743-473A-8277-DA9E9AECDCE2}.Debug|Any CPU.Deploy.0 = Debug|Any CPU
		{60262D56-F743-473A-8277-DA9E9AECDCE2}.Release|Any CPU.ActiveCfg = Release|Any CPU
		{60262D56-F743-473A-8277-DA9E9AECDCE2}.Release|Any CPU.Build.0 = Release|Any CPU
		{60262D56-F743-473A-8277-DA9E9AECDCE2}.Release|Any CPU.Deploy.0 = Release|Any CPU
	EndGlobalSection
	GlobalSection(SolutionProperties) = preSolution
		HideSolutionNode = FALSE
	EndGlobalSection
	GlobalSection(ExtensibilityGlobals) = postSolution
		SolutionGuid = {1B5859F0-FDDF-48F7-A701-2880C44F799B}
	EndGlobalSection
EndGlobal
